
Microsoft Visual Studio Solution File, Format Version 12.00
# Visual Studio 15
VisualStudioVersion = 15.0.26124.0
MinimumVisualStudioVersion = 15.0.26124.0
Project("{2150E333-8FDC-42A3-9474-1A3956D46DE8}") = "src", "src", "{228D6EBA-B254-41A3-92DB-3A3580250DB0}"
EndProject
Project("{FAE04EC0-301F-11D3-BF4B-00C04F79EFBC}") = "Vcf2Xlsx.Services", "src\Vcf2Xlsx.Services\Vcf2Xlsx.Services.csproj", "{66440BA9-7DF0-4FF1-9E7A-9023915AF325}"
EndProject
Project("{FAE04EC0-301F-11D3-BF4B-00C04F79EFBC}") = "Vcf2Xlsx", "src\Vcf2Xlsx\Vcf2Xlsx.csproj", "{8925F040-1AA2-40AD-9803-E89B32B12192}"
EndProject
Global
	GlobalSection(SolutionConfigurationPlatforms) = preSolution
		Debug|Any CPU = Debug|Any CPU
		Debug|x64 = Debug|x64
		Debug|x86 = Debug|x86
		Release|Any CPU = Release|Any CPU
		Release|x64 = Release|x64
		Release|x86 = Release|x86
	EndGlobalSection
	GlobalSection(SolutionProperties) = preSolution
		HideSolutionNode = FALSE
	EndGlobalSection
	GlobalSection(ProjectConfigurationPlatforms) = postSolution
		{66440BA9-7DF0-4FF1-9E7A-9023915AF325}.Debug|Any CPU.ActiveCfg = Debug|Any CPU
		{66440BA9-7DF0-4FF1-9E7A-9023915AF325}.Debug|Any CPU.Build.0 = Debug|Any CPU
		{66440BA9-7DF0-4FF1-9E7A-9023915AF325}.Debug|x64.ActiveCfg = Debug|Any CPU
		{66440BA9-7DF0-4FF1-9E7A-9023915AF325}.Debug|x64.Build.0 = Debug|Any CPU
		{66440BA9-7DF0-4FF1-9E7A-9023915AF325}.Debug|x86.ActiveCfg = Debug|Any CPU
		{66440BA9-7DF0-4FF1-9E7A-9023915AF325}.Debug|x86.Build.0 = Debug|Any CPU
		{66440BA9-7DF0-4FF1-9E7A-9023915AF325}.Release|Any CPU.ActiveCfg = Release|Any CPU
		{66440BA9-7DF0-4FF1-9E7A-9023915AF325}.Release|Any CPU.Build.0 = Release|Any CPU
		{66440BA9-7DF0-4FF1-9E7A-9023915AF325}.Release|x64.ActiveCfg = Release|Any CPU
		{66440BA9-7DF0-4FF1-9E7A-9023915AF325}.Release|x64.Build.0 = Release|Any CPU
		{66440BA9-7DF0-4FF1-9E7A-9023915AF325}.Release|x86.ActiveCfg = Release|Any CPU
		{66440BA9-7DF0-4FF1-9E7A-9023915AF325}.Release|x86.Build.0 = Release|Any CPU
		{8925F040-1AA2-40AD-9803-E89B32B12192}.Debug|Any CPU.ActiveCfg = Debug|Any CPU
		{8925F040-1AA2-40AD-9803-E89B32B12192}.Debug|Any CPU.Build.0 = Debug|Any CPU
		{8925F040-1AA2-40AD-9803-E89B32B12192}.Debug|x64.ActiveCfg = Debug|Any CPU
		{8925F040-1AA2-40AD-9803-E89B32B12192}.Debug|x64.Build.0 = Debug|Any CPU
		{8925F040-1AA2-40AD-9803-E89B32B12192}.Debug|x86.ActiveCfg = Debug|Any CPU
		{8925F040-1AA2-40AD-9803-E89B32B12192}.Debug|x86.Build.0 = Debug|Any CPU
		{8925F040-1AA2-40AD-9803-E89B32B12192}.Release|Any CPU.ActiveCfg = Release|Any CPU
		{8925F040-1AA2-40AD-9803-E89B32B12192}.Release|Any CPU.Build.0 = Release|Any CPU
		{8925F040-1AA2-40AD-9803-E89B32B12192}.Release|x64.ActiveCfg = Release|Any CPU
		{8925F040-1AA2-40AD-9803-E89B32B12192}.Release|x64.Build.0 = Release|Any CPU
		{8925F040-1AA2-40AD-9803-E89B32B12192}.Release|x86.ActiveCfg = Release|Any CPU
		{8925F040-1AA2-40AD-9803-E89B32B12192}.Release|x86.Build.0 = Release|Any CPU
	EndGlobalSection
	GlobalSection(NestedProjects) = preSolution
		{66440BA9-7DF0-4FF1-9E7A-9023915AF325} = {228D6EBA-B254-41A3-92DB-3A3580250DB0}
		{8925F040-1AA2-40AD-9803-E89B32B12192} = {228D6EBA-B254-41A3-92DB-3A3580250DB0}
	EndGlobalSection
EndGlobal
